// !$*UTF8*$!
{
	archiveVersion = 1;
	classes = {
	};
	objectVersion = 56;
	objects = {

/* Begin PBXBuildFile section */
		64C7F5A62BB9449B006B071A /* GitVersionControlApp.swift in Sources */ = {isa = PBXBuildFile; fileRef = 64C7F5A52BB9449B006B071A /* GitVersionControlApp.swift */; };
		64C7F5A82BB9449B006B071A /* ContentView.swift in Sources */ = {isa = PBXBuildFile; fileRef = 64C7F5A72BB9449B006B071A /* ContentView.swift */; };
		64C7F5AA2BB9449E006B071A /* Assets.xcassets in Resources */ = {isa = PBXBuildFile; fileRef = 64C7F5A92BB9449E006B071A /* Assets.xcassets */; };
		64C7F5AE2BB9449E006B071A /* Preview Assets.xcassets in Resources */ = {isa = PBXBuildFile; fileRef = 64C7F5AD2BB9449E006B071A /* Preview Assets.xcassets */; };
		64C7F5B82BB9449E006B071A /* GitVersionControlTests.swift in Sources */ = {isa = PBXBuildFile; fileRef = 64C7F5B72BB9449E006B071A /* GitVersionControlTests.swift */; };
		64C7F5C22BB9449E006B071A /* GitVersionControlUITests.swift in Sources */ = {isa = PBXBuildFile; fileRef = 64C7F5C12BB9449E006B071A /* GitVersionControlUITests.swift */; };
		64C7F5C42BB9449E006B071A /* GitVersionControlUITestsLaunchTests.swift in Sources */ = {isa = PBXBuildFile; fileRef = 64C7F5C32BB9449E006B071A /* GitVersionControlUITestsLaunchTests.swift */; };
/* End PBXBuildFile section */

/* Begin PBXContainerItemProxy section */
		64C7F5B42BB9449E006B071A /* PBXContainerItemProxy */ = {
			isa = PBXContainerItemProxy;
			containerPortal = 64C7F59A2BB9449B006B071A /* Project object */;
			proxyType = 1;
			remoteGlobalIDString = 64C7F5A12BB9449B006B071A;
			remoteInfo = GitVersionControl;
		};
		64C7F5BE2BB9449E006B071A /* PBXContainerItemProxy */ = {
			isa = PBXContainerItemProxy;
			containerPortal = 64C7F59A2BB9449B006B071A /* Project object */;
			proxyType = 1;
			remoteGlobalIDString = 64C7F5A12BB9449B006B071A;
			remoteInfo = GitVersionControl;
		};
/* End PBXContainerItemProxy section */

/* Begin PBXFileReference section */
		64C7F5A22BB9449B006B071A /* GitVersionControl.app */ = {isa = PBXFileReference; explicitFileType = wrapper.application; includeInIndex = 0; path = GitVersionControl.app; sourceTree = BUILT_PRODUCTS_DIR; };
		64C7F5A52BB9449B006B071A /* GitVersionControlApp.swift */ = {isa = PBXFileReference; lastKnownFileType = sourcecode.swift; path = GitVersionControlApp.swift; sourceTree = "<group>"; };
		64C7F5A72BB9449B006B071A /* ContentView.swift */ = {isa = PBXFileReference; lastKnownFileType = sourcecode.swift; path = ContentView.swift; sourceTree = "<group>"; };
		64C7F5A92BB9449E006B071A /* Assets.xcassets */ = {isa = PBXFileReference; lastKnownFileType = folder.assetcatalog; path = Assets.xcassets; sourceTree = "<group>"; };
		64C7F5AB2BB9449E006B071A /* GitVersionControl.entitlements */ = {isa = PBXFileReference; lastKnownFileType = text.plist.entitlements; path = GitVersionControl.entitlements; sourceTree = "<group>"; };
		64C7F5AD2BB9449E006B071A /* Preview Assets.xcassets */ = {isa = PBXFileReference; lastKnownFileType = folder.assetcatalog; path = "Preview Assets.xcassets"; sourceTree = "<group>"; };
		64C7F5B32BB9449E006B071A /* GitVersionControlTests.xctest */ = {isa = PBXFileReference; explicitFileType = wrapper.cfbundle; includeInIndex = 0; path = GitVersionControlTests.xctest; sourceTree = BUILT_PRODUCTS_DIR; };
		64C7F5B72BB9449E006B071A /* GitVersionControlTests.swift */ = {isa = PBXFileReference; lastKnownFileType = sourcecode.swift; path = GitVersionControlTests.swift; sourceTree = "<group>"; };
		64C7F5BD2BB9449E006B071A /* GitVersionControlUITests.xctest */ = {isa = PBXFileReference; explicitFileType = wrapper.cfbundle; includeInIndex = 0; path = GitVersionControlUITests.xctest; sourceTree = BUILT_PRODUCTS_DIR; };
		64C7F5C12BB9449E006B071A /* GitVersionControlUITests.swift */ = {isa = PBXFileReference; lastKnownFileType = sourcecode.swift; path = GitVersionControlUITests.swift; sourceTree = "<group>"; };
		64C7F5C32BB9449E006B071A /* GitVersionControlUITestsLaunchTests.swift */ = {isa = PBXFileReference; lastKnownFileType = sourcecode.swift; path = GitVersionControlUITestsLaunchTests.swift; sourceTree = "<group>"; };
/* End PBXFileReference section */

/* Begin PBXFrameworksBuildPhase section */
		64C7F59F2BB9449B006B071A /* Frameworks */ = {
			isa = PBXFrameworksBuildPhase;
			buildActionMask = 2147483647;
			files = (
			);
			runOnlyForDeploymentPostprocessing = 0;
		};
		64C7F5B02BB9449E006B071A /* Frameworks */ = {
			isa = PBXFrameworksBuildPhase;
			buildActionMask = 2147483647;
			files = (
			);
			runOnlyForDeploymentPostprocessing = 0;
		};
		64C7F5BA2BB9449E006B071A /* Frameworks */ = {
			isa = PBXFrameworksBuildPhase;
			buildActionMask = 2147483647;
			files = (
			);
			runOnlyForDeploymentPostprocessing = 0;
		};
/* End PBXFrameworksBuildPhase section */

/* Begin PBXGroup section */
		64C7F5992BB9449B006B071A = {
			isa = PBXGroup;
			children = (
				64C7F5A42BB9449B006B071A /* GitVersionControl */,
				64C7F5B62BB9449E006B071A /* GitVersionControlTests */,
				64C7F5C02BB9449E006B071A /* GitVersionControlUITests */,
				64C7F5A32BB9449B006B071A /* Products */,
			);
			sourceTree = "<group>";
		};
		64C7F5A32BB9449B006B071A /* Products */ = {
			isa = PBXGroup;
			children = (
				64C7F5A22BB9449B006B071A /* GitVersionControl.app */,
				64C7F5B32BB9449E006B071A /* GitVersionControlTests.xctest */,
				64C7F5BD2BB9449E006B071A /* GitVersionControlUITests.xctest */,
			);
			name = Products;
			sourceTree = "<group>";
		};
		64C7F5A42BB9449B006B071A /* GitVersionControl */ = {
			isa = PBXGroup;
			children = (
				64C7F5A52BB9449B006B071A /* GitVersionControlApp.swift */,
				64C7F5A72BB9449B006B071A /* ContentView.swift */,
				64C7F5A92BB9449E006B071A /* Assets.xcassets */,
				64C7F5AB2BB9449E006B071A /* GitVersionControl.entitlements */,
				64C7F5AC2BB9449E006B071A /* Preview Content */,
			);
			path = GitVersionControl;
			sourceTree = "<group>";
		};
		64C7F5AC2BB9449E006B071A /* Preview Content */ = {
			isa = PBXGroup;
			children = (
				64C7F5AD2BB9449E006B071A /* Preview Assets.xcassets */,
			);
			path = "Preview Content";
			sourceTree = "<group>";
		};
		64C7F5B62BB9449E006B071A /* GitVersionControlTests */ = {
			isa = PBXGroup;
			children = (
				64C7F5B72BB9449E006B071A /* GitVersionControlTests.swift */,
			);
			path = GitVersionControlTests;
			sourceTree = "<group>";
		};
		64C7F5C02BB9449E006B071A /* GitVersionControlUITests */ = {
			isa = PBXGroup;
			children = (
				64C7F5C12BB9449E006B071A /* GitVersionControlUITests.swift */,
				64C7F5C32BB9449E006B071A /* GitVersionControlUITestsLaunchTests.swift */,
			);
			path = GitVersionControlUITests;
			sourceTree = "<group>";
		};
/* End PBXGroup section */

/* Begin PBXNativeTarget section */
		64C7F5A12BB9449B006B071A /* GitVersionControl */ = {
			isa = PBXNativeTarget;
			buildConfigurationList = 64C7F5C72BB9449E006B071A /* Build configuration list for PBXNativeTarget "GitVersionControl" */;
			buildPhases = (
				64C7F59E2BB9449B006B071A /* Sources */,
				64C7F59F2BB9449B006B071A /* Frameworks */,
				64C7F5A02BB9449B006B071A /* Resources */,
			);
			buildRules = (
			);
			dependencies = (
			);
			name = GitVersionControl;
			productName = GitVersionControl;
			productReference = 64C7F5A22BB9449B006B071A /* GitVersionControl.app */;
			productType = "com.apple.product-type.application";
		};
		64C7F5B22BB9449E006B071A /* GitVersionControlTests */ = {
			isa = PBXNativeTarget;
			buildConfigurationList = 64C7F5CA2BB9449E006B071A /* Build configuration list for PBXNativeTarget "GitVersionControlTests" */;
			buildPhases = (
				64C7F5AF2BB9449E006B071A /* Sources */,
				64C7F5B02BB9449E006B071A /* Frameworks */,
				64C7F5B12BB9449E006B071A /* Resources */,
			);
			buildRules = (
			);
			dependencies = (
				64C7F5B52BB9449E006B071A /* PBXTargetDependency */,
			);
			name = GitVersionControlTests;
			productName = GitVersionControlTests;
			productReference = 64C7F5B32BB9449E006B071A /* GitVersionControlTests.xctest */;
			productType = "com.apple.product-type.bundle.unit-test";
		};
		64C7F5BC2BB9449E006B071A /* GitVersionControlUITests */ = {
			isa = PBXNativeTarget;
			buildConfigurationList = 64C7F5CD2BB9449E006B071A /* Build configuration list for PBXNativeTarget "GitVersionControlUITests" */;
			buildPhases = (
				64C7F5B92BB9449E006B071A /* Sources */,
				64C7F5BA2BB9449E006B071A /* Frameworks */,
				64C7F5BB2BB9449E006B071A /* Resources */,
			);
			buildRules = (
			);
			dependencies = (
				64C7F5BF2BB9449E006B071A /* PBXTargetDependency */,
			);
			name = GitVersionControlUITests;
			productName = GitVersionControlUITests;
			productReference = 64C7F5BD2BB9449E006B071A /* GitVersionControlUITests.xctest */;
			productType = "com.apple.product-type.bundle.ui-testing";
		};
/* End PBXNativeTarget section */

/* Begin PBXProject section */
		64C7F59A2BB9449B006B071A /* Project object */ = {
			isa = PBXProject;
			attributes = {
				BuildIndependentTargetsInParallel = 1;
				LastSwiftUpdateCheck = 1530;
				LastUpgradeCheck = 1530;
				TargetAttributes = {
					64C7F5A12BB9449B006B071A = {
						CreatedOnToolsVersion = 15.3;
					};
					64C7F5B22BB9449E006B071A = {
						CreatedOnToolsVersion = 15.3;
						TestTargetID = 64C7F5A12BB9449B006B071A;
					};
					64C7F5BC2BB9449E006B071A = {
						CreatedOnToolsVersion = 15.3;
						TestTargetID = 64C7F5A12BB9449B006B071A;
					};
				};
			};
			buildConfigurationList = 64C7F59D2BB9449B006B071A /* Build configuration list for PBXProject "GitVersionControl" */;
			compatibilityVersion = "Xcode 14.0";
			developmentRegion = en;
			hasScannedForEncodings = 0;
			knownRegions = (
				en,
				Base,
			);
			mainGroup = 64C7F5992BB9449B006B071A;
			productRefGroup = 64C7F5A32BB9449B006B071A /* Products */;
			projectDirPath = "";
			projectRoot = "";
			targets = (
				64C7F5A12BB9449B006B071A /* GitVersionControl */,
				64C7F5B22BB9449E006B071A /* GitVersionControlTests */,
				64C7F5BC2BB9449E006B071A /* GitVersionControlUITests */,
			);
		};
/* End PBXProject section */

/* Begin PBXResourcesBuildPhase section */
		64C7F5A02BB9449B006B071A /* Resources */ = {
			isa = PBXResourcesBuildPhase;
			buildActionMask = 2147483647;
			files = (
				64C7F5AE2BB9449E006B071A /* Preview Assets.xcassets in Resources */,
				64C7F5AA2BB9449E006B071A /* Assets.xcassets in Resources */,
			);
			runOnlyForDeploymentPostprocessing = 0;
		};
		64C7F5B12BB9449E006B071A /* Resources */ = {
			isa = PBXResourcesBuildPhase;
			buildActionMask = 2147483647;
			files = (
			);
			runOnlyForDeploymentPostprocessing = 0;
		};
		64C7F5BB2BB9449E006B071A /* Resources */ = {
			isa = PBXResourcesBuildPhase;
			buildActionMask = 2147483647;
			files = (
			);
			runOnlyForDeploymentPostprocessing = 0;
		};
/* End PBXResourcesBuildPhase section */

/* Begin PBXSourcesBuildPhase section */
		64C7F59E2BB9449B006B071A /* Sources */ = {
			isa = PBXSourcesBuildPhase;
			buildActionMask = 2147483647;
			files = (
				64C7F5A82BB9449B006B071A /* ContentView.swift in Sources */,
				64C7F5A62BB9449B006B071A /* GitVersionControlApp.swift in Sources */,
			);
			runOnlyForDeploymentPostprocessing = 0;
		};
		64C7F5AF2BB9449E006B071A /* Sources */ = {
			isa = PBXSourcesBuildPhase;
			buildActionMask = 2147483647;
			files = (
				64C7F5B82BB9449E006B071A /* GitVersionControlTests.swift in Sources */,
			);
			runOnlyForDeploymentPostprocessing = 0;
		};
		64C7F5B92BB9449E006B071A /* Sources */ = {
			isa = PBXSourcesBuildPhase;
			buildActionMask = 2147483647;
			files = (
				64C7F5C42BB9449E006B071A /* GitVersionControlUITestsLaunchTests.swift in Sources */,
				64C7F5C22BB9449E006B071A /* GitVersionControlUITests.swift in Sources */,
			);
			runOnlyForDeploymentPostprocessing = 0;
		};
/* End PBXSourcesBuildPhase section */

/* Begin PBXTargetDependency section */
		64C7F5B52BB9449E006B071A /* PBXTargetDependency */ = {
			isa = PBXTargetDependency;
			target = 64C7F5A12BB9449B006B071A /* GitVersionControl */;
			targetProxy = 64C7F5B42BB9449E006B071A /* PBXContainerItemProxy */;
		};
		64C7F5BF2BB9449E006B071A /* PBXTargetDependency */ = {
			isa = PBXTargetDependency;
			target = 64C7F5A12BB9449B006B071A /* GitVersionControl */;
			targetProxy = 64C7F5BE2BB9449E006B071A /* PBXContainerItemProxy */;
		};
/* End PBXTargetDependency section */

/* Begin XCBuildConfiguration section */
		64C7F5C52BB9449E006B071A /* Debug */ = {
			isa = XCBuildConfiguration;
			buildSettings = {
				ALWAYS_SEARCH_USER_PATHS = NO;
				ASSETCATALOG_COMPILER_GENERATE_SWIFT_ASSET_SYMBOL_EXTENSIONS = YES;
				CLANG_ANALYZER_NONNULL = YES;
				CLANG_ANALYZER_NUMBER_OBJECT_CONVERSION = YES_AGGRESSIVE;
				CLANG_CXX_LANGUAGE_STANDARD = "gnu++20";
				CLANG_ENABLE_MODULES = YES;
				CLANG_ENABLE_OBJC_ARC = YES;
				CLANG_ENABLE_OBJC_WEAK = YES;
				CLANG_WARN_BLOCK_CAPTURE_AUTORELEASING = YES;
				CLANG_WARN_BOOL_CONVERSION = YES;
				CLANG_WARN_COMMA = YES;
				CLANG_WARN_CONSTANT_CONVERSION = YES;
				CLANG_WARN_DEPRECATED_OBJC_IMPLEMENTATIONS = YES;
				CLANG_WARN_DIRECT_OBJC_ISA_USAGE = YES_ERROR;
				CLANG_WARN_DOCUMENTATION_COMMENTS = YES;
				CLANG_WARN_EMPTY_BODY = YES;
				CLANG_WARN_ENUM_CONVERSION = YES;
				CLANG_WARN_INFINITE_RECURSION = YES;
				CLANG_WARN_INT_CONVERSION = YES;
				CLANG_WARN_NON_LITERAL_NULL_CONVERSION = YES;
				CLANG_WARN_OBJC_IMPLICIT_RETAIN_SELF = YES;
				CLANG_WARN_OBJC_LITERAL_CONVERSION = YES;
				CLANG_WARN_OBJC_ROOT_CLASS = YES_ERROR;
				CLANG_WARN_QUOTED_INCLUDE_IN_FRAMEWORK_HEADER = YES;
				CLANG_WARN_RANGE_LOOP_ANALYSIS = YES;
				CLANG_WARN_STRICT_PROTOTYPES = YES;
				CLANG_WARN_SUSPICIOUS_MOVE = YES;
				CLANG_WARN_UNGUARDED_AVAILABILITY = YES_AGGRESSIVE;
				CLANG_WARN_UNREACHABLE_CODE = YES;
				CLANG_WARN__DUPLICATE_METHOD_MATCH = YES;
				COPY_PHASE_STRIP = NO;
				DEBUG_INFORMATION_FORMAT = dwarf;
				ENABLE_STRICT_OBJC_MSGSEND = YES;
				ENABLE_TESTABILITY = YES;
				ENABLE_USER_SCRIPT_SANDBOXING = YES;
				GCC_C_LANGUAGE_STANDARD = gnu17;
				GCC_DYNAMIC_NO_PIC = NO;
				GCC_NO_COMMON_BLOCKS = YES;
				GCC_OPTIMIZATION_LEVEL = 0;
				GCC_PREPROCESSOR_DEFINITIONS = (
					"DEBUG=1",
					"$(inherited)",
				);
				GCC_WARN_64_TO_32_BIT_CONVERSION = YES;
				GCC_WARN_ABOUT_RETURN_TYPE = YES_ERROR;
				GCC_WARN_UNDECLARED_SELECTOR = YES;
				GCC_WARN_UNINITIALIZED_AUTOS = YES_AGGRESSIVE;
				GCC_WARN_UNUSED_FUNCTION = YES;
				GCC_WARN_UNUSED_VARIABLE = YES;
				LOCALIZATION_PREFERS_STRING_CATALOGS = YES;
				MTL_ENABLE_DEBUG_INFO = INCLUDE_SOURCE;
				MTL_FAST_MATH = YES;
				ONLY_ACTIVE_ARCH = YES;
				SWIFT_ACTIVE_COMPILATION_CONDITIONS = "DEBUG $(inherited)";
				SWIFT_OPTIMIZATION_LEVEL = "-Onone";
			};
			name = Debug;
		};
		64C7F5C62BB9449E006B071A /* Release */ = {
			isa = XCBuildConfiguration;
			buildSettings = {
				ALWAYS_SEARCH_USER_PATHS = NO;
				ASSETCATALOG_COMPILER_GENERATE_SWIFT_ASSET_SYMBOL_EXTENSIONS = YES;
				CLANG_ANALYZER_NONNULL = YES;
				CLANG_ANALYZER_NUMBER_OBJECT_CONVERSION = YES_AGGRESSIVE;
				CLANG_CXX_LANGUAGE_STANDARD = "gnu++20";
				CLANG_ENABLE_MODULES = YES;
				CLANG_ENABLE_OBJC_ARC = YES;
				CLANG_ENABLE_OBJC_WEAK = YES;
				CLANG_WARN_BLOCK_CAPTURE_AUTORELEASING = YES;
				CLANG_WARN_BOOL_CONVERSION = YES;
				CLANG_WARN_COMMA = YES;
				CLANG_WARN_CONSTANT_CONVERSION = YES;
				CLANG_WARN_DEPRECATED_OBJC_IMPLEMENTATIONS = YES;
				CLANG_WARN_DIRECT_OBJC_ISA_USAGE = YES_ERROR;
				CLANG_WARN_DOCUMENTATION_COMMENTS = YES;
				CLANG_WARN_EMPTY_BODY = YES;
				CLANG_WARN_ENUM_CONVERSION = YES;
				CLANG_WARN_INFINITE_RECURSION = YES;
				CLANG_WARN_INT_CONVERSION = YES;
				CLANG_WARN_NON_LITERAL_NULL_CONVERSION = YES;
				CLANG_WARN_OBJC_IMPLICIT_RETAIN_SELF = YES;
				CLANG_WARN_OBJC_LITERAL_CONVERSION = YES;
				CLANG_WARN_OBJC_ROOT_CLASS = YES_ERROR;
				CLANG_WARN_QUOTED_INCLUDE_IN_FRAMEWORK_HEADER = YES;
				CLANG_WARN_RANGE_LOOP_ANALYSIS = YES;
				CLANG_WARN_STRICT_PROTOTYPES = YES;
				CLANG_WARN_SUSPICIOUS_MOVE = YES;
				CLANG_WARN_UNGUARDED_AVAILABILITY = YES_AGGRESSIVE;
				CLANG_WARN_UNREACHABLE_CODE = YES;
				CLANG_WARN__DUPLICATE_METHOD_MATCH = YES;
				COPY_PHASE_STRIP = NO;
				DEBUG_INFORMATION_FORMAT = "dwarf-with-dsym";
				ENABLE_NS_ASSERTIONS = NO;
				ENABLE_STRICT_OBJC_MSGSEND = YES;
				ENABLE_USER_SCRIPT_SANDBOXING = YES;
				GCC_C_LANGUAGE_STANDARD = gnu17;
				GCC_NO_COMMON_BLOCKS = YES;
				GCC_WARN_64_TO_32_BIT_CONVERSION = YES;
				GCC_WARN_ABOUT_RETURN_TYPE = YES_ERROR;
				GCC_WARN_UNDECLARED_SELECTOR = YES;
				GCC_WARN_UNINITIALIZED_AUTOS = YES_AGGRESSIVE;
				GCC_WARN_UNUSED_FUNCTION = YES;
				GCC_WARN_UNUSED_VARIABLE = YES;
				LOCALIZATION_PREFERS_STRING_CATALOGS = YES;
				MTL_ENABLE_DEBUG_INFO = NO;
				MTL_FAST_MATH = YES;
				SWIFT_COMPILATION_MODE = wholemodule;
			};
			name = Release;
		};
		64C7F5C82BB9449E006B071A /* Debug */ = {
			isa = XCBuildConfiguration;
			buildSettings = {
				ASSETCATALOG_COMPILER_APPICON_NAME = AppIcon;
				ASSETCATALOG_COMPILER_GLOBAL_ACCENT_COLOR_NAME = AccentColor;
				CODE_SIGN_ENTITLEMENTS = GitVersionControl/GitVersionControl.entitlements;
				CODE_SIGN_STYLE = Automatic;
				CURRENT_PROJECT_VERSION = 1;
				DEVELOPMENT_ASSET_PATHS = "\"GitVersionControl/Preview Content\"";
				DEVELOPMENT_TEAM = PG8DJRJL25;
				ENABLE_HARDENED_RUNTIME = YES;
				ENABLE_PREVIEWS = YES;
				GENERATE_INFOPLIST_FILE = YES;
				"INFOPLIST_KEY_UIApplicationSceneManifest_Generation[sdk=iphoneos*]" = YES;
				"INFOPLIST_KEY_UIApplicationSceneManifest_Generation[sdk=iphonesimulator*]" = YES;
				"INFOPLIST_KEY_UIApplicationSupportsIndirectInputEvents[sdk=iphoneos*]" = YES;
				"INFOPLIST_KEY_UIApplicationSupportsIndirectInputEvents[sdk=iphonesimulator*]" = YES;
				"INFOPLIST_KEY_UILaunchScreen_Generation[sdk=iphoneos*]" = YES;
				"INFOPLIST_KEY_UILaunchScreen_Generation[sdk=iphonesimulator*]" = YES;
				"INFOPLIST_KEY_UIStatusBarStyle[sdk=iphoneos*]" = UIStatusBarStyleDefault;
				"INFOPLIST_KEY_UIStatusBarStyle[sdk=iphonesimulator*]" = UIStatusBarStyleDefault;
				INFOPLIST_KEY_UISupportedInterfaceOrientations_iPad = "UIInterfaceOrientationPortrait UIInterfaceOrientationPortraitUpsideDown UIInterfaceOrientationLandscapeLeft UIInterfaceOrientationLandscapeRight";
				INFOPLIST_KEY_UISupportedInterfaceOrientations_iPhone = "UIInterfaceOrientationPortrait UIInterfaceOrientationLandscapeLeft UIInterfaceOrientationLandscapeRight";
				IPHONEOS_DEPLOYMENT_TARGET = 17.4;
				LD_RUNPATH_SEARCH_PATHS = "@executable_path/Frameworks";
				"LD_RUNPATH_SEARCH_PATHS[sdk=macosx*]" = "@executable_path/../Frameworks";
				MACOSX_DEPLOYMENT_TARGET = 14.4;
				MARKETING_VERSION = 1.0;
				PRODUCT_BUNDLE_IDENTIFIER = dazhi.GitVersionControl;
				PRODUCT_NAME = "$(TARGET_NAME)";
				SDKROOT = auto;
				SUPPORTED_PLATFORMS = "iphoneos iphonesimulator macosx";
				SWIFT_EMIT_LOC_STRINGS = YES;
				SWIFT_VERSION = 5.0;
				TARGETED_DEVICE_FAMILY = "1,2";
			};
			name = Debug;
		};
		64C7F5C92BB9449E006B071A /* Release */ = {
			isa = XCBuildConfiguration;
			buildSettings = {
				ASSETCATALOG_COMPILER_APPICON_NAME = AppIcon;
				ASSETCATALOG_COMPILER_GLOBAL_ACCENT_COLOR_NAME = AccentColor;
				CODE_SIGN_ENTITLEMENTS = GitVersionControl/GitVersionControl.entitlements;
				CODE_SIGN_STYLE = Automatic;
				CURRENT_PROJECT_VERSION = 1;
				DEVELOPMENT_ASSET_PATHS = "\"GitVersionControl/Preview Content\"";
				DEVELOPMENT_TEAM = PG8DJRJL25;
				ENABLE_HARDENED_RUNTIME = YES;
				ENABLE_PREVIEWS = YES;
				GENERATE_INFOPLIST_FILE = YES;
				"INFOPLIST_KEY_UIApplicationSceneManifest_Generation[sdk=iphoneos*]" = YES;
				"INFOPLIST_KEY_UIApplicationSceneManifest_Generation[sdk=iphonesimulator*]" = YES;
				"INFOPLIST_KEY_UIApplicationSupportsIndirectInputEvents[sdk=iphoneos*]" = YES;
				"INFOPLIST_KEY_UIApplicationSupportsIndirectInputEvents[sdk=iphonesimulator*]" = YES;
				"INFOPLIST_KEY_UILaunchScreen_Generation[sdk=iphoneos*]" = YES;
				"INFOPLIST_KEY_UILaunchScreen_Generation[sdk=iphonesimulator*]" = YES;
				"INFOPLIST_KEY_UIStatusBarStyle[sdk=iphoneos*]" = UIStatusBarStyleDefault;
				"INFOPLIST_KEY_UIStatusBarStyle[sdk=iphonesimulator*]" = UIStatusBarStyleDefault;
				INFOPLIST_KEY_UISupportedInterfaceOrientations_iPad = "UIInterfaceOrientationPortrait UIInterfaceOrientationPortraitUpsideDown UIInterfaceOrientationLandscapeLeft UIInterfaceOrientationLandscapeRight";
				INFOPLIST_KEY_UISupportedInterfaceOrientations_iPhone = "UIInterfaceOrientationPortrait UIInterfaceOrientationLandscapeLeft UIInterfaceOrientationLandscapeRight";
				IPHONEOS_DEPLOYMENT_TARGET = 17.4;
				LD_RUNPATH_SEARCH_PATHS = "@executable_path/Frameworks";
				"LD_RUNPATH_SEARCH_PATHS[sdk=macosx*]" = "@executable_path/../Frameworks";
				MACOSX_DEPLOYMENT_TARGET = 14.4;
				MARKETING_VERSION = 1.0;
				PRODUCT_BUNDLE_IDENTIFIER = dazhi.GitVersionControl;
				PRODUCT_NAME = "$(TARGET_NAME)";
				SDKROOT = auto;
				SUPPORTED_PLATFORMS = "iphoneos iphonesimulator macosx";
				SWIFT_EMIT_LOC_STRINGS = YES;
				SWIFT_VERSION = 5.0;
				TARGETED_DEVICE_FAMILY = "1,2";
			};
			name = Release;
		};
		64C7F5CB2BB9449E006B071A /* Debug */ = {
			isa = XCBuildConfiguration;
			buildSettings = {
				ALWAYS_EMBED_SWIFT_STANDARD_LIBRARIES = YES;
				BUNDLE_LOADER = "$(TEST_HOST)";
				CODE_SIGN_STYLE = Automatic;
				CURRENT_PROJECT_VERSION = 1;
				DEVELOPMENT_TEAM = PG8DJRJL25;
				GENERATE_INFOPLIST_FILE = YES;
				IPHONEOS_DEPLOYMENT_TARGET = 17.4;
				MACOSX_DEPLOYMENT_TARGET = 14.4;
				MARKETING_VERSION = 1.0;
				PRODUCT_BUNDLE_IDENTIFIER = dazhi.GitVersionControlTests;
				PRODUCT_NAME = "$(TARGET_NAME)";
				SDKROOT = auto;
				SUPPORTED_PLATFORMS = "iphoneos iphonesimulator macosx";
				SWIFT_EMIT_LOC_STRINGS = NO;
				SWIFT_VERSION = 5.0;
				TARGETED_DEVICE_FAMILY = "1,2";
				TEST_HOST = "$(BUILT_PRODUCTS_DIR)/GitVersionControl.app/$(BUNDLE_EXECUTABLE_FOLDER_PATH)/GitVersionControl";
			};
			name = Debug;
		};
		64C7F5CC2BB9449E006B071A /* Release */ = {
			isa = XCBuildConfiguration;
			buildSettings = {
				ALWAYS_EMBED_SWIFT_STANDARD_LIBRARIES = YES;
				BUNDLE_LOADER = "$(TEST_HOST)";
				CODE_SIGN_STYLE = Automatic;
				CURRENT_PROJECT_VERSION = 1;
				DEVELOPMENT_TEAM = PG8DJRJL25;
				GENERATE_INFOPLIST_FILE = YES;
				IPHONEOS_DEPLOYMENT_TARGET = 17.4;
				MACOSX_DEPLOYMENT_TARGET = 14.4;
				MARKETING_VERSION = 1.0;
				PRODUCT_BUNDLE_IDENTIFIER = dazhi.GitVersionControlTests;
				PRODUCT_NAME = "$(TARGET_NAME)";
				SDKROOT = auto;
				SUPPORTED_PLATFORMS = "iphoneos iphonesimulator macosx";
				SWIFT_EMIT_LOC_STRINGS = NO;
				SWIFT_VERSION = 5.0;
				TARGETED_DEVICE_FAMILY = "1,2";
				TEST_HOST = "$(BUILT_PRODUCTS_DIR)/GitVersionControl.app/$(BUNDLE_EXECUTABLE_FOLDER_PATH)/GitVersionControl";
			};
			name = Release;
		};
		64C7F5CE2BB9449E006B071A /* Debug */ = {
			isa = XCBuildConfiguration;
			buildSettings = {
				ALWAYS_EMBED_SWIFT_STANDARD_LIBRARIES = YES;
				CODE_SIGN_STYLE = Automatic;
				CURRENT_PROJECT_VERSION = 1;
				DEVELOPMENT_TEAM = PG8DJRJL25;
				GENERATE_INFOPLIST_FILE = YES;
				IPHONEOS_DEPLOYMENT_TARGET = 17.4;
				MACOSX_DEPLOYMENT_TARGET = 14.4;
				MARKETING_VERSION = 1.0;
				PRODUCT_BUNDLE_IDENTIFIER = dazhi.GitVersionControlUITests;
				PRODUCT_NAME = "$(TARGET_NAME)";
				SDKROOT = auto;
				SUPPORTED_PLATFORMS = "iphoneos iphonesimulator macosx";
				SWIFT_EMIT_LOC_STRINGS = NO;
				SWIFT_VERSION = 5.0;
				TARGETED_DEVICE_FAMILY = "1,2";
				TEST_TARGET_NAME = GitVersionControl;
			};
			name = Debug;
		};
		64C7F5CF2BB9449E006B071A /* Release */ = {
			isa = XCBuildConfiguration;
			buildSettings = {
				ALWAYS_EMBED_SWIFT_STANDARD_LIBRARIES = YES;
				CODE_SIGN_STYLE = Automatic;
				CURRENT_PROJECT_VERSION = 1;
				DEVELOPMENT_TEAM = PG8DJRJL25;
				GENERATE_INFOPLIST_FILE = YES;
				IPHONEOS_DEPLOYMENT_TARGET = 17.4;
				MACOSX_DEPLOYMENT_TARGET = 14.4;
				MARKETING_VERSION = 1.0;
				PRODUCT_BUNDLE_IDENTIFIER = dazhi.GitVersionControlUITests;
				PRODUCT_NAME = "$(TARGET_NAME)";
				SDKROOT = auto;
				SUPPORTED_PLATFORMS = "iphoneos iphonesimulator macosx";
				SWIFT_EMIT_LOC_STRINGS = NO;
				SWIFT_VERSION = 5.0;
				TARGETED_DEVICE_FAMILY = "1,2";
				TEST_TARGET_NAME = GitVersionControl;
			};
			name = Release;
		};
/* End XCBuildConfiguration section */

/* Begin XCConfigurationList section */
		64C7F59D2BB9449B006B071A /* Build configuration list for PBXProject "GitVersionControl" */ = {
			isa = XCConfigurationList;
			buildConfigurations = (
				64C7F5C52BB9449E006B071A /* Debug */,
				64C7F5C62BB9449E006B071A /* Release */,
			);
			defaultConfigurationIsVisible = 0;
			defaultConfigurationName = Release;
		};
		64C7F5C72BB9449E006B071A /* Build configuration list for PBXNativeTarget "GitVersionControl" */ = {
			isa = XCConfigurationList;
			buildConfigurations = (
				64C7F5C82BB9449E006B071A /* Debug */,
				64C7F5C92BB9449E006B071A /* Release */,
			);
			defaultConfigurationIsVisible = 0;
			defaultConfigurationName = Release;
		};
		64C7F5CA2BB9449E006B071A /* Build configuration list for PBXNativeTarget "GitVersionControlTests" */ = {
			isa = XCConfigurationList;
			buildConfigurations = (
				64C7F5CB2BB9449E006B071A /* Debug */,
				64C7F5CC2BB9449E006B071A /* Release */,
			);
			defaultConfigurationIsVisible = 0;
			defaultConfigurationName = Release;
		};
		64C7F5CD2BB9449E006B071A /* Build configuration list for PBXNativeTarget "GitVersionControlUITests" */ = {
			isa = XCConfigurationList;
			buildConfigurations = (
				64C7F5CE2BB9449E006B071A /* Debug */,
				64C7F5CF2BB9449E006B071A /* Release */,
			);
			defaultConfigurationIsVisible = 0;
			defaultConfigurationName = Release;
		};
/* End XCConfigurationList section */
	};
	rootObject = 64C7F59A2BB9449B006B071A /* Project object */;
}
